{
  "name": "substreams-sink-eorc20",
  "lockfileVersion": 3,
  "requires": true,
  "packages": {
    "": {
      "dependencies": {
        "@substreams/core": "^0.8.0",
        "@substreams/manifest": "^0.7.0",
        "@substreams/node": "^0.5.0",
        "log-update": "latest",
        "viem": "latest"
      },
      "devDependencies": {
        "bun-types": "latest",
        "typescript": "latest"
      }
    },
    "node_modules/@adraffy/ens-normalize": {
      "version": "1.10.0",
      "resolved": "https://registry.npmjs.org/@adraffy/ens-normalize/-/ens-normalize-1.10.0.tgz",
      "integrity": "sha512-nA9XHtlAkYfJxY7bce8DcN7eKxWWCWkU+1GR9d+U6MbNpfwQp8TI7vqOsBsMcHoT4mBu2kypKoSKnghEzOOq5Q=="
    },
    "node_modules/@bufbuild/buf": {
      "version": "1.28.1",
      "resolved": "https://registry.npmjs.org/@bufbuild/buf/-/buf-1.28.1.tgz",
      "integrity": "sha512-WRDagrf0uBjfV9s5eyrSPJDcdI4A5Q7JMCA4aMrHRR8fo/TTjniDBjJprszhaguqsDkn/LS4QIu92HVFZCrl9A==",
      "hasInstallScript": true,
      "peer": true,
      "bin": {
        "buf": "bin/buf",
        "protoc-gen-buf-breaking": "bin/protoc-gen-buf-breaking",
        "protoc-gen-buf-lint": "bin/protoc-gen-buf-lint"
      },
      "engines": {
        "node": ">=12"
      },
      "optionalDependencies": {
        "@bufbuild/buf-darwin-arm64": "1.28.1",
        "@bufbuild/buf-darwin-x64": "1.28.1",
        "@bufbuild/buf-linux-aarch64": "1.28.1",
        "@bufbuild/buf-linux-x64": "1.28.1",
        "@bufbuild/buf-win32-arm64": "1.28.1",
        "@bufbuild/buf-win32-x64": "1.28.1"
      }
    },
    "node_modules/@bufbuild/buf-darwin-arm64": {
      "version": "1.28.1",
      "resolved": "https://registry.npmjs.org/@bufbuild/buf-darwin-arm64/-/buf-darwin-arm64-1.28.1.tgz",
      "integrity": "sha512-nAyvwKkcd8qQTExCZo5MtSRhXLK7e3vzKFKHjXfkveRakSUST2HFlFZAHfErZimN4wBrPTN0V0hNRU8PPjkMpQ==",
      "cpu": [
        "arm64"
      ],
      "optional": true,
      "os": [
        "darwin"
      ],
      "peer": true,
      "engines": {
        "node": ">=12"
      }
    },
    "node_modules/@bufbuild/buf-darwin-x64": {
      "version": "1.28.1",
      "resolved": "https://registry.npmjs.org/@bufbuild/buf-darwin-x64/-/buf-darwin-x64-1.28.1.tgz",
      "integrity": "sha512-b0eT3xd3vX5a5lWAbo5h7FPuf9MsOJI4I39qs4TZnrlZ8BOuPfqzwzijiFf9UCwaX2vR1NQXexIoQ80Ci+fCHw==",
      "cpu": [
        "x64"
      ],
      "optional": true,
      "os": [
        "darwin"
      ],
      "peer": true,
      "engines": {
        "node": ">=12"
      }
    },
    "node_modules/@bufbuild/buf-linux-aarch64": {
      "version": "1.28.1",
      "resolved": "https://registry.npmjs.org/@bufbuild/buf-linux-aarch64/-/buf-linux-aarch64-1.28.1.tgz",
      "integrity": "sha512-p5h9bZCVLMh8No9/7k7ulXzsFx5P7Lu6DiUMjSJ6aBXPMYo6Xl7r/6L2cQkpsZ53HMtIxCgMYS9a7zoS4K8wIw==",
      "cpu": [
        "arm64"
      ],
      "optional": true,
      "os": [
        "linux"
      ],
      "peer": true,
      "engines": {
        "node": ">=12"
      }
    },
    "node_modules/@bufbuild/buf-linux-x64": {
      "version": "1.28.1",
      "resolved": "https://registry.npmjs.org/@bufbuild/buf-linux-x64/-/buf-linux-x64-1.28.1.tgz",
      "integrity": "sha512-fVJ3DiRigIso06jgEl+JNp59Y5t2pxDHd10d3SA4r+14sXbZ2J7Gy/wBqVXPry4x/jW567KKlvmhg7M5ZBgCQQ==",
      "cpu": [
        "x64"
      ],
      "optional": true,
      "os": [
        "linux"
      ],
      "peer": true,
      "engines": {
        "node": ">=12"
      }
    },
    "node_modules/@bufbuild/buf-win32-arm64": {
      "version": "1.28.1",
      "resolved": "https://registry.npmjs.org/@bufbuild/buf-win32-arm64/-/buf-win32-arm64-1.28.1.tgz",
      "integrity": "sha512-KJiRJpugQRK/jXC46Xjlb68UydWhCZj2jHdWLIwNtgXd1WTJ3LngChZV7Y6pPK08pwBAVz0JYeVbD5IlTCD4TQ==",
      "cpu": [
        "arm64"
      ],
      "optional": true,
      "os": [
        "win32"
      ],
      "peer": true,
      "engines": {
        "node": ">=12"
      }
    },
    "node_modules/@bufbuild/buf-win32-x64": {
      "version": "1.28.1",
      "resolved": "https://registry.npmjs.org/@bufbuild/buf-win32-x64/-/buf-win32-x64-1.28.1.tgz",
      "integrity": "sha512-vMnc+7OVCkmlRWQsgYHgUqiBPRIjD8XeoRyApJ07YZzGs7DkRH4LhvmacJbLd3wORylbn6gLz3pQa8J/M61mzg==",
      "cpu": [
        "x64"
      ],
      "optional": true,
      "os": [
        "win32"
      ],
      "peer": true,
      "engines": {
        "node": ">=12"
      }
    },
    "node_modules/@bufbuild/protobuf": {
      "version": "1.6.0",
      "resolved": "https://registry.npmjs.org/@bufbuild/protobuf/-/protobuf-1.6.0.tgz",
      "integrity": "sha512-hp19vSFgNw3wBBcVBx5qo5pufCqjaJ0Cfk5H/pfjNOfNWU+4/w0QVOmfAOZNRrNWRrVuaJWxcN8P2vhOkkzbBQ=="
    },
    "node_modules/@connectrpc/connect": {
      "version": "1.1.4",
      "resolved": "https://registry.npmjs.org/@connectrpc/connect/-/connect-1.1.4.tgz",
      "integrity": "sha512-kFiOi3jsEyOuL4gGW55LgNCqQBNA0Z/GLXrfeJO4r6pI/f8L9rqnjrFZTCeyrvzu1TuqEtL51cR+c46KMCposw==",
      "peerDependencies": {
        "@bufbuild/protobuf": "^1.4.2"
      }
    },
    "node_modules/@connectrpc/connect-node": {
      "version": "1.1.4",
      "resolved": "https://registry.npmjs.org/@connectrpc/connect-node/-/connect-node-1.1.4.tgz",
      "integrity": "sha512-1Pv4PSTh7k6+c8kNjVx9wZiWm8dChexsq+hW4EKcYItjSqvyKpmTfLBTl12y6W+RBQ9vCuFCu3xT79outhNY9g==",
      "dependencies": {
        "undici": "^5.26.2"
      },
      "engines": {
        "node": ">=16.0.0"
      },
      "peerDependencies": {
        "@bufbuild/protobuf": "^1.4.2",
        "@connectrpc/connect": "1.1.4"
      }
    },
    "node_modules/@connectrpc/connect-web": {
      "version": "1.1.4",
      "resolved": "https://registry.npmjs.org/@connectrpc/connect-web/-/connect-web-1.1.4.tgz",
      "integrity": "sha512-y/CHMipRSpIIR1PCax536PquyuZ03soGTgO1gqQM4pv8lCCgAKE1S+OrirIbpyohJiUszxaRH69PoB8uACiOZA==",
      "peerDependencies": {
        "@bufbuild/protobuf": "^1.4.2",
        "@connectrpc/connect": "1.1.4"
      }
    },
    "node_modules/@effect/schema": {
      "version": "0.48.4",
      "resolved": "https://registry.npmjs.org/@effect/schema/-/schema-0.48.4.tgz",
      "integrity": "sha512-V+1eY8VvYuEZs+vU0JWPoh30gNdBtDnabOJrE2tNuoMKcw9LgjQFaPoVR4Jw7Swm0TmdfRHuIkhWjK4i7XyGiA==",
      "peer": true,
      "peerDependencies": {
        "effect": "2.0.0-next.55",
        "fast-check": "^3.13.2"
      }
    },
    "node_modules/@fastify/busboy": {
      "version": "2.1.0",
      "resolved": "https://registry.npmjs.org/@fastify/busboy/-/busboy-2.1.0.tgz",
      "integrity": "sha512-+KpH+QxZU7O4675t3mnkQKcZZg56u+K/Ct2K+N2AZYNVK8kyeo/bI18tI8aPm3tvNNRyTWfj6s5tnGNlcbQRsA==",
      "engines": {
        "node": ">=14"
      }
    },
    "node_modules/@noble/curves": {
      "version": "1.2.0",
      "resolved": "https://registry.npmjs.org/@noble/curves/-/curves-1.2.0.tgz",
      "integrity": "sha512-oYclrNgRaM9SsBUBVbb8M6DTV7ZHRTKugureoYEncY5c65HOmRzvSiTE3y5CYaPYJA/GVkrhXEoF0M3Ya9PMnw==",
      "dependencies": {
        "@noble/hashes": "1.3.2"
      },
      "funding": {
        "url": "https://paulmillr.com/funding/"
      }
    },
    "node_modules/@noble/hashes": {
      "version": "1.3.2",
      "resolved": "https://registry.npmjs.org/@noble/hashes/-/hashes-1.3.2.tgz",
      "integrity": "sha512-MVC8EAQp7MvEcm30KWENFjgR+Mkmf+D189XJTkFIlwohU5hcBbn1ZkKq7KVTi2Hme3PMGF390DaL52beVrIihQ==",
      "engines": {
        "node": ">= 16"
      },
      "funding": {
        "url": "https://paulmillr.com/funding/"
      }
    },
    "node_modules/@scure/base": {
      "version": "1.1.4",
      "resolved": "https://registry.npmjs.org/@scure/base/-/base-1.1.4.tgz",
      "integrity": "sha512-wznebWtt+ejH8el87yuD4i9xLSbYZXf1Pe4DY0o/zq/eg5I0VQVXVbFs6XIM0pNVCJ/uE3t5wI9kh90mdLUxtw==",
      "funding": {
        "url": "https://paulmillr.com/funding/"
      }
    },
    "node_modules/@scure/bip32": {
      "version": "1.3.2",
      "resolved": "https://registry.npmjs.org/@scure/bip32/-/bip32-1.3.2.tgz",
      "integrity": "sha512-N1ZhksgwD3OBlwTv3R6KFEcPojl/W4ElJOeCZdi+vuI5QmTFwLq3OFf2zd2ROpKvxFdgZ6hUpb0dx9bVNEwYCA==",
      "dependencies": {
        "@noble/curves": "~1.2.0",
        "@noble/hashes": "~1.3.2",
        "@scure/base": "~1.1.2"
      },
      "funding": {
        "url": "https://paulmillr.com/funding/"
      }
    },
    "node_modules/@scure/bip39": {
      "version": "1.2.1",
      "resolved": "https://registry.npmjs.org/@scure/bip39/-/bip39-1.2.1.tgz",
      "integrity": "sha512-Z3/Fsz1yr904dduJD0NpiyRHhRYHdcnyh73FZWiV+/qhWi83wNJ3NWolYqCEN+ZWsUz2TWwajJggcRE9r1zUYg==",
      "dependencies": {
        "@noble/hashes": "~1.3.0",
        "@scure/base": "~1.1.0"
      },
      "funding": {
        "url": "https://paulmillr.com/funding/"
      }
    },
    "node_modules/@substreams/core": {
      "version": "0.8.0",
      "resolved": "https://registry.npmjs.org/@substreams/core/-/core-0.8.0.tgz",
      "integrity": "sha512-wY3LJr5CR5wP+Rv8fMuKwHnXDwc/m3DJVdIZemRlkGIM1ekWHlgen5Ml2NI5SDzQdKr7QUNQiT7YbuytcdUs3Q==",
      "peerDependencies": {
        "@bufbuild/protobuf": "^1.4.2",
        "@connectrpc/connect": "^1.1.3"
      }
    },
    "node_modules/@substreams/manifest": {
      "version": "0.7.0",
      "resolved": "https://registry.npmjs.org/@substreams/manifest/-/manifest-0.7.0.tgz",
      "integrity": "sha512-pCYd/O7hIi2DylVqeXX9Z7AQiHmJwwnvW/ZOdvi4VGreHSuBcQIL0MxB5OlJ4OFpvLSkh8qp2yZ5nGbzS1TjQQ==",
      "dependencies": {
        "@substreams/core": "0.8.0"
      },
      "peerDependencies": {
        "@bufbuild/buf": "^1.28.0",
        "@bufbuild/protobuf": "^1.4.2",
        "@effect/schema": "^0.48.4",
        "effect": "2.0.0-next.55",
        "yaml": "^2.3.4"
      }
    },
    "node_modules/@substreams/node": {
      "version": "0.5.0",
      "resolved": "https://registry.npmjs.org/@substreams/node/-/node-0.5.0.tgz",
      "integrity": "sha512-JoJCjbiKCtM+kvdjhSlKgANJ2cNS2Kptq3wkBhNdmCA38emqoeVWnBKHQnKiQlk0XNXi5+W4akE+QADcpifCrQ==",
      "dependencies": {
        "@bufbuild/protobuf": "latest",
        "@connectrpc/connect": "latest",
        "@connectrpc/connect-node": "latest",
        "@connectrpc/connect-web": "latest",
        "@substreams/core": "latest",
        "eventemitter3": "latest"
      },
      "engines": {
        "node": ">=18"
      }
    },
    "node_modules/abitype": {
      "version": "0.9.8",
      "resolved": "https://registry.npmjs.org/abitype/-/abitype-0.9.8.tgz",
      "integrity": "sha512-puLifILdm+8sjyss4S+fsUN09obiT1g2YW6CtcQF+QDzxR0euzgEB29MZujC6zMk2a6SVmtttq1fc6+YFA7WYQ==",
      "funding": [
        {
          "type": "github",
          "url": "https://github.com/sponsors/wagmi-dev"
        }
      ],
      "peerDependencies": {
        "typescript": ">=5.0.4",
        "zod": "^3 >=3.19.1"
      },
      "peerDependenciesMeta": {
        "typescript": {
          "optional": true
        },
        "zod": {
          "optional": true
        }
      }
    },
    "node_modules/ansi-escapes": {
      "version": "6.2.0",
      "resolved": "https://registry.npmjs.org/ansi-escapes/-/ansi-escapes-6.2.0.tgz",
      "integrity": "sha512-kzRaCqXnpzWs+3z5ABPQiVke+iq0KXkHo8xiWV4RPTi5Yli0l97BEQuhXV1s7+aSU/fu1kUuxgS4MsQ0fRuygw==",
      "dependencies": {
        "type-fest": "^3.0.0"
      },
      "engines": {
        "node": ">=14.16"
      },
      "funding": {
        "url": "https://github.com/sponsors/sindresorhus"
      }
    },
    "node_modules/ansi-regex": {
      "version": "6.0.1",
      "resolved": "https://registry.npmjs.org/ansi-regex/-/ansi-regex-6.0.1.tgz",
      "integrity": "sha512-n5M855fKb2SsfMIiFFoVrABHJC8QtHwVx+mHWP3QcEqBHYienj5dHSgjbxtC0WEZXYt4wcD6zrQElDPhFuZgfA==",
      "engines": {
        "node": ">=12"
      },
      "funding": {
        "url": "https://github.com/chalk/ansi-regex?sponsor=1"
      }
    },
    "node_modules/ansi-styles": {
      "version": "6.2.1",
      "resolved": "https://registry.npmjs.org/ansi-styles/-/ansi-styles-6.2.1.tgz",
      "integrity": "sha512-bN798gFfQX+viw3R7yrGWRqnrN2oRkEkUjjl4JNn4E8GxxbjtG3FbrEIIY3l8/hrwUwIeCZvi4QuOTP4MErVug==",
      "engines": {
        "node": ">=12"
      },
      "funding": {
        "url": "https://github.com/chalk/ansi-styles?sponsor=1"
      }
    },
    "node_modules/bun-types": {
      "version": "1.0.17",
      "resolved": "https://registry.npmjs.org/bun-types/-/bun-types-1.0.17.tgz",
      "integrity": "sha512-5dj7Pi0qmZB1gaY2LmtKKrKixgnxi/qDcawsA4ttWQhT0jWyecSEB8la7c6DIgrMkJciixAtyLLe3aj0SJaRAw==",
      "dev": true
    },
    "node_modules/cli-cursor": {
      "version": "4.0.0",
      "resolved": "https://registry.npmjs.org/cli-cursor/-/cli-cursor-4.0.0.tgz",
      "integrity": "sha512-VGtlMu3x/4DOtIUwEkRezxUZ2lBacNJCHash0N0WeZDBS+7Ux1dm3XWAgWYxLJFMMdOeXMHXorshEFhbMSGelg==",
      "dependencies": {
        "restore-cursor": "^4.0.0"
      },
      "engines": {
        "node": "^12.20.0 || ^14.13.1 || >=16.0.0"
      },
      "funding": {
        "url": "https://github.com/sponsors/sindresorhus"
      }
    },
    "node_modules/effect": {
      "version": "2.0.0-next.55",
      "resolved": "https://registry.npmjs.org/effect/-/effect-2.0.0-next.55.tgz",
      "integrity": "sha512-kNOB/HaDSdaFSDVXK2gyf4XcTKbKKlllyoS871uDyoJskcc+024sSOHnNioXZPgkqaz55a3mad4DFfLUIETwYQ==",
      "peer": true
    },
    "node_modules/emoji-regex": {
      "version": "10.3.0",
      "resolved": "https://registry.npmjs.org/emoji-regex/-/emoji-regex-10.3.0.tgz",
      "integrity": "sha512-QpLs9D9v9kArv4lfDEgg1X/gN5XLnf/A6l9cs8SPZLRZR3ZkY9+kwIQTxm+fsSej5UMYGE8fdoaZVIBlqG0XTw=="
    },
    "node_modules/eventemitter3": {
      "version": "5.0.1",
      "resolved": "https://registry.npmjs.org/eventemitter3/-/eventemitter3-5.0.1.tgz",
      "integrity": "sha512-GWkBvjiSZK87ELrYOSESUYeVIc9mvLLf/nXalMOS5dYrgZq9o5OVkbZAVM06CVxYsCwH9BDZFPlQTlPA1j4ahA=="
    },
    "node_modules/fast-check": {
      "version": "3.14.0",
      "resolved": "https://registry.npmjs.org/fast-check/-/fast-check-3.14.0.tgz",
      "integrity": "sha512-9Z0zqASzDNjXBox/ileV/fd+4P+V/f3o4shM6QawvcdLFh8yjPG4h5BrHUZ8yzY6amKGDTAmRMyb/JZqe+dCgw==",
      "funding": [
        {
          "type": "individual",
          "url": "https://github.com/sponsors/dubzzz"
        },
        {
          "type": "opencollective",
          "url": "https://opencollective.com/fast-check"
        }
      ],
      "peer": true,
      "dependencies": {
        "pure-rand": "^6.0.0"
      },
      "engines": {
        "node": ">=8.0.0"
      }
    },
    "node_modules/get-east-asian-width": {
      "version": "1.2.0",
      "resolved": "https://registry.npmjs.org/get-east-asian-width/-/get-east-asian-width-1.2.0.tgz",
      "integrity": "sha512-2nk+7SIVb14QrgXFHcm84tD4bKQz0RxPuMT8Ag5KPOq7J5fEmAg0UbXdTOSHqNuHSU28k55qnceesxXRZGzKWA==",
      "engines": {
        "node": ">=18"
      },
      "funding": {
        "url": "https://github.com/sponsors/sindresorhus"
      }
    },
    "node_modules/is-fullwidth-code-point": {
      "version": "5.0.0",
      "resolved": "https://registry.npmjs.org/is-fullwidth-code-point/-/is-fullwidth-code-point-5.0.0.tgz",
      "integrity": "sha512-OVa3u9kkBbw7b8Xw5F9P+D/T9X+Z4+JruYVNapTjPYZYUznQ5YfWeFkOj606XYYW8yugTfC8Pj0hYqvi4ryAhA==",
      "dependencies": {
        "get-east-asian-width": "^1.0.0"
      },
      "engines": {
        "node": ">=18"
      },
      "funding": {
        "url": "https://github.com/sponsors/sindresorhus"
      }
    },
    "node_modules/isows": {
      "version": "1.0.3",
      "resolved": "https://registry.npmjs.org/isows/-/isows-1.0.3.tgz",
      "integrity": "sha512-2cKei4vlmg2cxEjm3wVSqn8pcoRF/LX/wpifuuNquFO4SQmPwarClT+SUCA2lt+l581tTeZIPIZuIDo2jWN1fg==",
      "funding": [
        {
          "type": "github",
          "url": "https://github.com/sponsors/wagmi-dev"
        }
      ],
      "peerDependencies": {
        "ws": "*"
      }
    },
    "node_modules/log-update": {
      "version": "6.0.0",
      "resolved": "https://registry.npmjs.org/log-update/-/log-update-6.0.0.tgz",
      "integrity": "sha512-niTvB4gqvtof056rRIrTZvjNYE4rCUzO6X/X+kYjd7WFxXeJ0NwEFnRxX6ehkvv3jTwrXnNdtAak5XYZuIyPFw==",
      "dependencies": {
        "ansi-escapes": "^6.2.0",
        "cli-cursor": "^4.0.0",
        "slice-ansi": "^7.0.0",
        "strip-ansi": "^7.1.0",
        "wrap-ansi": "^9.0.0"
      },
      "engines": {
        "node": ">=18"
      },
      "funding": {
        "url": "https://github.com/sponsors/sindresorhus"
      }
    },
    "node_modules/mimic-fn": {
      "version": "2.1.0",
      "resolved": "https://registry.npmjs.org/mimic-fn/-/mimic-fn-2.1.0.tgz",
      "integrity": "sha512-OqbOk5oEQeAZ8WXWydlu9HJjz9WVdEIvamMCcXmuqUYjTknH/sqsWvhQ3vgwKFRR1HpjvNBKQ37nbJgYzGqGcg==",
      "engines": {
        "node": ">=6"
      }
    },
    "node_modules/onetime": {
      "version": "5.1.2",
      "resolved": "https://registry.npmjs.org/onetime/-/onetime-5.1.2.tgz",
      "integrity": "sha512-kbpaSSGJTWdAY5KPVeMOKXSrPtr8C8C7wodJbcsd51jRnmD+GZu8Y0VoU6Dm5Z4vWr0Ig/1NKuWRKf7j5aaYSg==",
      "dependencies": {
        "mimic-fn": "^2.1.0"
      },
      "engines": {
        "node": ">=6"
      },
      "funding": {
        "url": "https://github.com/sponsors/sindresorhus"
      }
    },
    "node_modules/pure-rand": {
      "version": "6.0.4",
      "resolved": "https://registry.npmjs.org/pure-rand/-/pure-rand-6.0.4.tgz",
      "integrity": "sha512-LA0Y9kxMYv47GIPJy6MI84fqTd2HmYZI83W/kM/SkKfDlajnZYfmXFTxkbY+xSBPkLJxltMa9hIkmdc29eguMA==",
      "funding": [
        {
          "type": "individual",
          "url": "https://github.com/sponsors/dubzzz"
        },
        {
          "type": "opencollective",
          "url": "https://opencollective.com/fast-check"
        }
      ],
      "peer": true
    },
    "node_modules/restore-cursor": {
      "version": "4.0.0",
      "resolved": "https://registry.npmjs.org/restore-cursor/-/restore-cursor-4.0.0.tgz",
      "integrity": "sha512-I9fPXU9geO9bHOt9pHHOhOkYerIMsmVaWB0rA2AI9ERh/+x/i7MV5HKBNrg+ljO5eoPVgCcnFuRjJ9uH6I/3eg==",
      "dependencies": {
        "onetime": "^5.1.0",
        "signal-exit": "^3.0.2"
      },
      "engines": {
        "node": "^12.20.0 || ^14.13.1 || >=16.0.0"
      },
      "funding": {
        "url": "https://github.com/sponsors/sindresorhus"
      }
    },
    "node_modules/signal-exit": {
      "version": "3.0.7",
      "resolved": "https://registry.npmjs.org/signal-exit/-/signal-exit-3.0.7.tgz",
      "integrity": "sha512-wnD2ZE+l+SPC/uoS0vXeE9L1+0wuaMqKlfz9AMUo38JsyLSBWSFcHR1Rri62LZc12vLr1gb3jl7iwQhgwpAbGQ=="
    },
    "node_modules/slice-ansi": {
      "version": "7.1.0",
      "resolved": "https://registry.npmjs.org/slice-ansi/-/slice-ansi-7.1.0.tgz",
      "integrity": "sha512-bSiSngZ/jWeX93BqeIAbImyTbEihizcwNjFoRUIY/T1wWQsfsm2Vw1agPKylXvQTU7iASGdHhyqRlqQzfz+Htg==",
      "dependencies": {
        "ansi-styles": "^6.2.1",
        "is-fullwidth-code-point": "^5.0.0"
      },
      "engines": {
        "node": ">=18"
      },
      "funding": {
        "url": "https://github.com/chalk/slice-ansi?sponsor=1"
      }
    },
    "node_modules/string-width": {
      "version": "7.0.0",
      "resolved": "https://registry.npmjs.org/string-width/-/string-width-7.0.0.tgz",
      "integrity": "sha512-GPQHj7row82Hjo9hKZieKcHIhaAIKOJvFSIZXuCU9OASVZrMNUaZuz++SPVrBjnLsnk4k+z9f2EIypgxf2vNFw==",
      "dependencies": {
        "emoji-regex": "^10.3.0",
        "get-east-asian-width": "^1.0.0",
        "strip-ansi": "^7.1.0"
      },
      "engines": {
        "node": ">=18"
      },
      "funding": {
        "url": "https://github.com/sponsors/sindresorhus"
      }
    },
    "node_modules/strip-ansi": {
      "version": "7.1.0",
      "resolved": "https://registry.npmjs.org/strip-ansi/-/strip-ansi-7.1.0.tgz",
      "integrity": "sha512-iq6eVVI64nQQTRYq2KtEg2d2uU7LElhTJwsH4YzIHZshxlgZms/wIc4VoDQTlG/IvVIrBKG06CrZnp0qv7hkcQ==",
      "dependencies": {
        "ansi-regex": "^6.0.1"
      },
      "engines": {
        "node": ">=12"
      },
      "funding": {
        "url": "https://github.com/chalk/strip-ansi?sponsor=1"
      }
    },
    "node_modules/type-fest": {
      "version": "3.13.1",
      "resolved": "https://registry.npmjs.org/type-fest/-/type-fest-3.13.1.tgz",
      "integrity": "sha512-tLq3bSNx+xSpwvAJnzrK0Ep5CLNWjvFTOp71URMaAEWBfRb9nnJiBoUe0tF8bI4ZFO3omgBR6NvnbzVUT3Ly4g==",
      "engines": {
        "node": ">=14.16"
      },
      "funding": {
        "url": "https://github.com/sponsors/sindresorhus"
      }
    },
    "node_modules/typescript": {
      "version": "5.3.3",
      "resolved": "https://registry.npmjs.org/typescript/-/typescript-5.3.3.tgz",
      "integrity": "sha512-pXWcraxM0uxAS+tN0AG/BF2TyqmHO014Z070UsJ+pFvYuRSq8KH8DmWpnbXe0pEPDHXZV3FcAbJkijJ5oNEnWw==",
      "devOptional": true,
      "bin": {
        "tsc": "bin/tsc",
        "tsserver": "bin/tsserver"
      },
      "engines": {
        "node": ">=14.17"
      }
    },
    "node_modules/undici": {
      "version": "5.28.2",
      "resolved": "https://registry.npmjs.org/undici/-/undici-5.28.2.tgz",
      "integrity": "sha512-wh1pHJHnUeQV5Xa8/kyQhO7WFa8M34l026L5P/+2TYiakvGy5Rdc8jWZVyG7ieht/0WgJLEd3kcU5gKx+6GC8w==",
      "dependencies": {
        "@fastify/busboy": "^2.0.0"
      },
      "engines": {
        "node": ">=14.0"
      }
    },
    "node_modules/viem": {
      "version": "1.19.13",
      "resolved": "https://registry.npmjs.org/viem/-/viem-1.19.13.tgz",
      "integrity": "sha512-DizIwJAecLedI+nq6c5LIqCLAnYXUhQX5BnH6o1H2ln6isPyJVf+v4H1IfMlRHgR5KRlC+wGI/mCjarr3tW6eg==",
      "funding": [
        {
          "type": "github",
          "url": "https://github.com/sponsors/wevm"
        }
      ],
      "dependencies": {
        "@adraffy/ens-normalize": "1.10.0",
        "@noble/curves": "1.2.0",
        "@noble/hashes": "1.3.2",
        "@scure/bip32": "1.3.2",
        "@scure/bip39": "1.2.1",
        "abitype": "0.9.8",
        "isows": "1.0.3",
        "ws": "8.13.0"
      },
      "peerDependencies": {
        "typescript": ">=5.0.4"
      },
      "peerDependenciesMeta": {
        "typescript": {
          "optional": true
        }
      }
    },
    "node_modules/wrap-ansi": {
      "version": "9.0.0",
      "resolved": "https://registry.npmjs.org/wrap-ansi/-/wrap-ansi-9.0.0.tgz",
      "integrity": "sha512-G8ura3S+3Z2G+mkgNRq8dqaFZAuxfsxpBB8OCTGRTCtp+l/v9nbFNmCUP1BZMts3G1142MsZfn6eeUKrr4PD1Q==",
      "dependencies": {
        "ansi-styles": "^6.2.1",
        "string-width": "^7.0.0",
        "strip-ansi": "^7.1.0"
      },
      "engines": {
        "node": ">=18"
      },
      "funding": {
        "url": "https://github.com/chalk/wrap-ansi?sponsor=1"
      }
    },
    "node_modules/ws": {
      "version": "8.13.0",
      "resolved": "https://registry.npmjs.org/ws/-/ws-8.13.0.tgz",
      "integrity": "sha512-x9vcZYTrFPC7aSIbj7sRCYo7L/Xb8Iy+pW0ng0wt2vCJv7M9HOMy0UoN3rr+IFC7hb7vXoqS+P9ktyLLLhO+LA==",
      "engines": {
        "node": ">=10.0.0"
      },
      "peerDependencies": {
        "bufferutil": "^4.0.1",
        "utf-8-validate": ">=5.0.2"
      },
      "peerDependenciesMeta": {
        "bufferutil": {
          "optional": true
        },
        "utf-8-validate": {
          "optional": true
        }
      }
    },
    "node_modules/yaml": {
      "version": "2.3.4",
      "resolved": "https://registry.npmjs.org/yaml/-/yaml-2.3.4.tgz",
      "integrity": "sha512-8aAvwVUSHpfEqTQ4w/KMlf3HcRdt50E5ODIQJBw1fQ5RL34xabzxtUlzTXVqc4rkZsPbvrXKWnABCD7kWSmocA==",
      "peer": true,
      "engines": {
        "node": ">= 14"
      }
    }
  }
}
